{
  "pins" : [
    {
      "identity" : "sdwebimage",
      "kind" : "remoteSourceControl",
      "location" : "https://github.com/SDWebImage/SDWebImage.git",
      "state" : {
        "branch" : "master",
        "revision" : "7d7debbd262ddac7c75c9d40c78e929839dcbad0"
      }
    }
  ],
  "version" : 2
}
